
Microsoft Visual Studio Solution File, Format Version 12.00
Project("{FAE04EC0-301F-11D3-BF4B-00C04F79EFBC}") = "ExercicioPoo-EncapsulamentoProperties", "ExercicioPoo-EncapsulamentoProperties\ExercicioPoo-EncapsulamentoProperties.csproj", "{D8F9193F-991C-4EBE-ABE6-A2E526CDCFEB}"
EndProject
Global
	GlobalSection(SolutionConfigurationPlatforms) = preSolution
		Debug|Any CPU = Debug|Any CPU
		Release|Any CPU = Release|Any CPU
	EndGlobalSection
	GlobalSection(ProjectConfigurationPlatforms) = postSolution
		{D8F9193F-991C-4EBE-ABE6-A2E526CDCFEB}.Debug|Any CPU.ActiveCfg = Debug|Any CPU
		{D8F9193F-991C-4EBE-ABE6-A2E526CDCFEB}.Debug|Any CPU.Build.0 = Debug|Any CPU
		{D8F9193F-991C-4EBE-ABE6-A2E526CDCFEB}.Release|Any CPU.ActiveCfg = Release|Any CPU
		{D8F9193F-991C-4EBE-ABE6-A2E526CDCFEB}.Release|Any CPU.Build.0 = Release|Any CPU
	EndGlobalSection
EndGlobal
